{
  "name": "sqlseed-doc-sync",
  "version": "0.0.0",
  "lockfileVersion": 3,
  "requires": true,
  "packages": {
    "": {
      "name": "sqlseed-doc-sync",
      "version": "0.0.0",
      "devDependencies": {
        "@yawlabs/ctxlint": "^0.9.19"
      }
    },
    "node_modules/@yawlabs/ctxlint": {
      "version": "0.9.20",
      "resolved": "https://registry.npmjs.org/@yawlabs/ctxlint/-/ctxlint-0.9.20.tgz",
      "integrity": "sha512-hHfF+6sWWl3zNQVR4/lPcaH8wRv1A0BxvRhtSI9j85tkHuNFuBH5fXfyeT0PxVdrwX+x0mNw6ZaRp6041AEAKw==",
      "deprecated": "superseded by 0.10.1 — install @yawlabs/ctxlint@latest",
      "dev": true,
      "license": "MIT",
      "bin": {
        "ctxlint": "dist/index.js"
      },
      "engines": {
        "node": ">=20"
      }
    }
  }
}
